
Microsoft Visual Studio Solution File, Format Version 12.00
# Visual Studio 15
VisualStudioVersion = 15.0.28307.757
MinimumVisualStudioVersion = 10.0.40219.1
Project("{FAE04EC0-301F-11D3-BF4B-00C04F79EFBC}") = "ITI.DataAccessLibrary", "..\ITI.DataAccessLibrary\ITI.DataAccessLibrary.csproj", "{FAA103CD-F50F-4103-8871-91AF3CF270A1}"
EndProject
Project("{FAE04EC0-301F-11D3-BF4B-00C04F79EFBC}") = "ITI.DataAccessLibrary.Correction", "ITI.DataAccessLibrary.Correction\ITI.DataAccessLibrary.Correction.csproj", "{D164D6D3-A56C-41DC-A81A-AFF79757B334}"
EndProject
Project("{9A19103F-16F7-4668-BE54-9A1E7A4F7556}") = "ITI.DataAccessLibrary.Tests", "..\ITI.DataAccessLibrary.Tests\ITI.DataAccessLibrary.Tests.csproj", "{CDCD2088-D491-46BC-96D2-4B5F16E8F219}"
EndProject
Project("{FAE04EC0-301F-11D3-BF4B-00C04F79EFBC}") = "ITI.DataAccessLibrary.DebugCLI", "..\ITI.DataAccessLibrary.DebugCLI\ITI.DataAccessLibrary.DebugCLI.csproj", "{3DC46519-F7C2-45DA-8371-655FF484ECC4}"
EndProject
Global
	GlobalSection(SolutionConfigurationPlatforms) = preSolution
		Debug|Any CPU = Debug|Any CPU
		Release|Any CPU = Release|Any CPU
	EndGlobalSection
	GlobalSection(ProjectConfigurationPlatforms) = postSolution
		{FAA103CD-F50F-4103-8871-91AF3CF270A1}.Debug|Any CPU.ActiveCfg = Debug|Any CPU
		{FAA103CD-F50F-4103-8871-91AF3CF270A1}.Debug|Any CPU.Build.0 = Debug|Any CPU
		{FAA103CD-F50F-4103-8871-91AF3CF270A1}.Release|Any CPU.ActiveCfg = Release|Any CPU
		{FAA103CD-F50F-4103-8871-91AF3CF270A1}.Release|Any CPU.Build.0 = Release|Any CPU
		{D164D6D3-A56C-41DC-A81A-AFF79757B334}.Debug|Any CPU.ActiveCfg = Debug|Any CPU
		{D164D6D3-A56C-41DC-A81A-AFF79757B334}.Debug|Any CPU.Build.0 = Debug|Any CPU
		{D164D6D3-A56C-41DC-A81A-AFF79757B334}.Release|Any CPU.ActiveCfg = Release|Any CPU
		{D164D6D3-A56C-41DC-A81A-AFF79757B334}.Release|Any CPU.Build.0 = Release|Any CPU
		{CDCD2088-D491-46BC-96D2-4B5F16E8F219}.Debug|Any CPU.ActiveCfg = Debug|Any CPU
		{CDCD2088-D491-46BC-96D2-4B5F16E8F219}.Debug|Any CPU.Build.0 = Debug|Any CPU
		{CDCD2088-D491-46BC-96D2-4B5F16E8F219}.Release|Any CPU.ActiveCfg = Release|Any CPU
		{CDCD2088-D491-46BC-96D2-4B5F16E8F219}.Release|Any CPU.Build.0 = Release|Any CPU
		{3DC46519-F7C2-45DA-8371-655FF484ECC4}.Debug|Any CPU.ActiveCfg = Debug|Any CPU
		{3DC46519-F7C2-45DA-8371-655FF484ECC4}.Debug|Any CPU.Build.0 = Debug|Any CPU
		{3DC46519-F7C2-45DA-8371-655FF484ECC4}.Release|Any CPU.ActiveCfg = Release|Any CPU
		{3DC46519-F7C2-45DA-8371-655FF484ECC4}.Release|Any CPU.Build.0 = Release|Any CPU
	EndGlobalSection
	GlobalSection(SolutionProperties) = preSolution
		HideSolutionNode = FALSE
	EndGlobalSection
	GlobalSection(ExtensibilityGlobals) = postSolution
		SolutionGuid = {E0432555-149C-4A9B-A764-0705B21FFB17}
	EndGlobalSection
EndGlobal
